
Microsoft Visual Studio Solution File, Format Version 12.00
# Visual Studio Version 17
VisualStudioVersion = 17.5.002.0
MinimumVisualStudioVersion = 10.0.40219.1
Project("{9A19103F-16F7-4668-BE54-9A1E7A4F7556}") = "Blazing.Mvvm", "Blazing.Mvvm.csproj", "{96431B9E-9C10-4FAC-AB93-8A7DA80EA4C5}"
EndProject
Global
	GlobalSection(SolutionConfigurationPlatforms) = preSolution
		Debug|Any CPU = Debug|Any CPU
		Release|Any CPU = Release|Any CPU
	EndGlobalSection
	GlobalSection(ProjectConfigurationPlatforms) = postSolution
		{96431B9E-9C10-4FAC-AB93-8A7DA80EA4C5}.Debug|Any CPU.ActiveCfg = Debug|Any CPU
		{96431B9E-9C10-4FAC-AB93-8A7DA80EA4C5}.Debug|Any CPU.Build.0 = Debug|Any CPU
		{96431B9E-9C10-4FAC-AB93-8A7DA80EA4C5}.Release|Any CPU.ActiveCfg = Release|Any CPU
		{96431B9E-9C10-4FAC-AB93-8A7DA80EA4C5}.Release|Any CPU.Build.0 = Release|Any CPU
	EndGlobalSection
	GlobalSection(SolutionProperties) = preSolution
		HideSolutionNode = FALSE
	EndGlobalSection
	GlobalSection(ExtensibilityGlobals) = postSolution
		SolutionGuid = {E9E1AE2F-428C-43EC-A694-00AD1FF880CD}
	EndGlobalSection
EndGlobal
