
Microsoft Visual Studio Solution File, Format Version 12.00
# Visual Studio Version 18
VisualStudioVersion = 18.0.11205.157
MinimumVisualStudioVersion = 10.0.40219.1
Project("{2150E333-8FDC-42A3-9474-1A3956D46DE8}") = "Solution Items", "Solution Items", "{225ACB45-5BBE-48D0-A1FB-802E767F6D21}"
	ProjectSection(SolutionItems) = preProject
		..\CODE_OF_CONDUCT.md = ..\CODE_OF_CONDUCT.md
		..\CONTRIBUTING.md = ..\CONTRIBUTING.md
		Directory.Build.props = Directory.Build.props
		Directory.Packages.props = Directory.Packages.props
		..\HISTORY.md = ..\HISTORY.md
		..\LICENSE = ..\LICENSE
		..\readme.md = ..\readme.md
	EndProjectSection
EndProject
Project("{2150E333-8FDC-42A3-9474-1A3956D46DE8}") = "src", "src", "{F5BB1268-8DFF-4C32-93EA-23B045E7256B}"
EndProject
Project("{2150E333-8FDC-42A3-9474-1A3956D46DE8}") = "samples", "samples", "{AB46EFC2-1630-497F-9C46-9C1BDEDFD073}"
EndProject
Project("{2150E333-8FDC-42A3-9474-1A3956D46DE8}") = "HybridMaui", "HybridMaui", "{90FC499D-A43F-4E3C-83BE-1B7244664411}"
EndProject
Project("{FAE04EC0-301F-11D3-BF4B-00C04F79EFBC}") = "Blazing.Mvvm.Base", "Blazing.Mvvm.Base\Blazing.Mvvm.Base.csproj", "{845DDBD8-F9CA-6012-7EC5-83217AA8D9DC}"
EndProject
Project("{FAE04EC0-301F-11D3-BF4B-00C04F79EFBC}") = "Blazing.Mvvm", "Blazing.Mvvm\Blazing.Mvvm.csproj", "{09D57A4A-3623-8C0F-189A-5BA596C47091}"
EndProject
Project("{2150E333-8FDC-42A3-9474-1A3956D46DE8}") = "tests", "tests", "{1E381A0C-FFC8-4B1C-81C8-4DBD899FF2F3}"
EndProject
Project("{FAE04EC0-301F-11D3-BF4B-00C04F79EFBC}") = "Blazing.Mvvm.Tests", "Blazing.Mvvm.Tests\Blazing.Mvvm.Tests.csproj", "{096355B2-DA41-16DF-756C-7CB18C12EC88}"
EndProject
Project("{FAE04EC0-301F-11D3-BF4B-00C04F79EFBC}") = "Blazing.Mvvm.ParentChildSample", "samples\ParentChildSample\Blazing.Mvvm.ParentChildSample.csproj", "{15DD103E-C43B-3E64-1062-C4EE0854AAC8}"
EndProject
Project("{FAE04EC0-301F-11D3-BF4B-00C04F79EFBC}") = "Blazing.Mvvm.Sample.HybridMaui", "samples\Blazing.Mvvm.Sample.HybridMaui\Blazing.Mvvm.Sample.HybridMaui.csproj", "{4C125972-6717-4417-87D6-EE6CA8C820F5}"
EndProject
Project("{2150E333-8FDC-42A3-9474-1A3956D46DE8}") = "Server", "Server", "{BD932B8C-7A38-4CE4-9FAD-94A983AD05A3}"
EndProject
Project("{2150E333-8FDC-42A3-9474-1A3956D46DE8}") = "Wasm", "Wasm", "{E0FE6521-074B-4FDE-963F-E41C11074978}"
EndProject
Project("{2150E333-8FDC-42A3-9474-1A3956D46DE8}") = "WebApp", "WebApp", "{8B6485C6-B363-44B4-8129-9E5054C5D8C2}"
EndProject
Project("{2150E333-8FDC-42A3-9474-1A3956D46DE8}") = "Hybrids", "Hybrids", "{CD429451-D0AF-4521-8559-7310A22E8CDE}"
EndProject
Project("{FAE04EC0-301F-11D3-BF4B-00C04F79EFBC}") = "Blazing.Mvvm.Sample.Server", "samples\Blazing.Mvvm.Sample.Server\Blazing.Mvvm.Sample.Server.csproj", "{90F56C10-762C-873C-00F8-A7B6A0E28849}"
EndProject
Project("{FAE04EC0-301F-11D3-BF4B-00C04F79EFBC}") = "Blazing.Mvvm.Sample.Wasm", "samples\Blazing.Mvvm.Sample.Wasm\Blazing.Mvvm.Sample.Wasm.csproj", "{0B1263FC-A679-6F4C-D715-EDEE81C00614}"
EndProject
Project("{FAE04EC0-301F-11D3-BF4B-00C04F79EFBC}") = "Blazing.Mvvm.Sample.WebApp", "samples\Blazing.Mvvm.Sample.WebApp\Blazing.Mvvm.Sample.WebApp\Blazing.Mvvm.Sample.WebApp.csproj", "{2C4EED6F-1E39-9B0A-9990-51AF9EFCFD7E}"
EndProject
Project("{FAE04EC0-301F-11D3-BF4B-00C04F79EFBC}") = "Blazing.Mvvm.Sample.WebApp.Client", "samples\Blazing.Mvvm.Sample.WebApp\Blazing.Mvvm.Sample.WebApp.Client\Blazing.Mvvm.Sample.WebApp.Client.csproj", "{082E5E74-ED2C-20FE-125F-63331CD86437}"
EndProject
Project("{2150E333-8FDC-42A3-9474-1A3956D46DE8}") = "samples", "samples", "{99F57F8F-C498-4D01-B508-8895BA366DD0}"
EndProject
Project("{FAE04EC0-301F-11D3-BF4B-00C04F79EFBC}") = "HybridSample.Avalonia", "samples\HybridSamples\HybridSample.Avalonia\HybridSample.Avalonia.csproj", "{64077A66-10E4-2EC9-BB49-F086AB8C8BCE}"
EndProject
Project("{2150E333-8FDC-42A3-9474-1A3956D46DE8}") = "libs", "libs", "{DB369942-E5FD-4B03-8303-0FAF4B44102A}"
EndProject
Project("{FAE04EC0-301F-11D3-BF4B-00C04F79EFBC}") = "Baksteen.Avalonia.Blazor", "samples\HybridSamples\libs\Baksteen.Avalonia.Blazor\Baksteen.Avalonia.Blazor.csproj", "{FC7D10A2-945B-A2FB-EDF0-33B36F45C423}"
EndProject
Project("{FAE04EC0-301F-11D3-BF4B-00C04F79EFBC}") = "Blazing.Common", "samples\HybridSamples\libs\Blazor.Common\Blazing.Common.csproj", "{20FB7AA2-9489-5B6C-8A52-83C4AE5394D1}"
EndProject
Project("{FAE04EC0-301F-11D3-BF4B-00C04F79EFBC}") = "Blazing.Lists", "samples\HybridSamples\libs\Blazor.Lists\Blazing.Lists.csproj", "{F131C190-CBE9-5D4E-B274-DE5743B64996}"
EndProject
Project("{FAE04EC0-301F-11D3-BF4B-00C04F79EFBC}") = "Blazing.Tabs", "samples\HybridSamples\libs\Blazor.Tabs\Blazing.Tabs.csproj", "{16295B29-4AE0-8168-6786-D8B186611976}"
EndProject
Project("{FAE04EC0-301F-11D3-BF4B-00C04F79EFBC}") = "HybridSample.Blazor", "samples\HybridSamples\HybridSample.Blazor\HybridSample.Blazor.csproj", "{6CA729DB-2685-2338-040F-B1EFCE263A07}"
EndProject
Project("{FAE04EC0-301F-11D3-BF4B-00C04F79EFBC}") = "HybridSample.Blazor.Core", "samples\HybridSamples\HybridSample.Blazor.Core\HybridSample.Blazor.Core.csproj", "{D610F599-0C7F-C713-DDF6-8E7D267DD7C5}"
EndProject
Project("{FAE04EC0-301F-11D3-BF4B-00C04F79EFBC}") = "HybridSample.Core", "samples\HybridSamples\HybridSample.Core\HybridSample.Core.csproj", "{E755A0B6-BCDE-76A3-372D-D859A03BE027}"
EndProject
Project("{FAE04EC0-301F-11D3-BF4B-00C04F79EFBC}") = "HybridSample.Wpf", "samples\HybridSamples\HybridSample.Wpf\HybridSample.Wpf.csproj", "{828DA553-5A96-6B21-2892-5ED0E99E2B6F}"
EndProject
Project("{FAE04EC0-301F-11D3-BF4B-00C04F79EFBC}") = "Blazing.SubpathHosting.Server", "samples\Blazing.SubpathHosting.Server\Blazing.SubpathHosting.Server.csproj", "{A048F40B-E503-A877-1AF7-2A1BC5340796}"
EndProject
Global
	GlobalSection(SolutionConfigurationPlatforms) = preSolution
		Debug|Any CPU = Debug|Any CPU
		Release|Any CPU = Release|Any CPU
	EndGlobalSection
	GlobalSection(ProjectConfigurationPlatforms) = postSolution
		{845DDBD8-F9CA-6012-7EC5-83217AA8D9DC}.Debug|Any CPU.ActiveCfg = Debug|Any CPU
		{845DDBD8-F9CA-6012-7EC5-83217AA8D9DC}.Debug|Any CPU.Build.0 = Debug|Any CPU
		{845DDBD8-F9CA-6012-7EC5-83217AA8D9DC}.Release|Any CPU.ActiveCfg = Release|Any CPU
		{845DDBD8-F9CA-6012-7EC5-83217AA8D9DC}.Release|Any CPU.Build.0 = Release|Any CPU
		{09D57A4A-3623-8C0F-189A-5BA596C47091}.Debug|Any CPU.ActiveCfg = Debug|Any CPU
		{09D57A4A-3623-8C0F-189A-5BA596C47091}.Debug|Any CPU.Build.0 = Debug|Any CPU
		{09D57A4A-3623-8C0F-189A-5BA596C47091}.Release|Any CPU.ActiveCfg = Release|Any CPU
		{09D57A4A-3623-8C0F-189A-5BA596C47091}.Release|Any CPU.Build.0 = Release|Any CPU
		{096355B2-DA41-16DF-756C-7CB18C12EC88}.Debug|Any CPU.ActiveCfg = Debug|Any CPU
		{096355B2-DA41-16DF-756C-7CB18C12EC88}.Debug|Any CPU.Build.0 = Debug|Any CPU
		{096355B2-DA41-16DF-756C-7CB18C12EC88}.Release|Any CPU.ActiveCfg = Release|Any CPU
		{096355B2-DA41-16DF-756C-7CB18C12EC88}.Release|Any CPU.Build.0 = Release|Any CPU
		{15DD103E-C43B-3E64-1062-C4EE0854AAC8}.Debug|Any CPU.ActiveCfg = Debug|Any CPU
		{15DD103E-C43B-3E64-1062-C4EE0854AAC8}.Debug|Any CPU.Build.0 = Debug|Any CPU
		{15DD103E-C43B-3E64-1062-C4EE0854AAC8}.Release|Any CPU.ActiveCfg = Release|Any CPU
		{15DD103E-C43B-3E64-1062-C4EE0854AAC8}.Release|Any CPU.Build.0 = Release|Any CPU
		{4C125972-6717-4417-87D6-EE6CA8C820F5}.Debug|Any CPU.ActiveCfg = Debug|Any CPU
		{4C125972-6717-4417-87D6-EE6CA8C820F5}.Debug|Any CPU.Build.0 = Debug|Any CPU
		{4C125972-6717-4417-87D6-EE6CA8C820F5}.Release|Any CPU.ActiveCfg = Release|Any CPU
		{4C125972-6717-4417-87D6-EE6CA8C820F5}.Release|Any CPU.Build.0 = Release|Any CPU
		{90F56C10-762C-873C-00F8-A7B6A0E28849}.Debug|Any CPU.ActiveCfg = Debug|Any CPU
		{90F56C10-762C-873C-00F8-A7B6A0E28849}.Debug|Any CPU.Build.0 = Debug|Any CPU
		{90F56C10-762C-873C-00F8-A7B6A0E28849}.Release|Any CPU.ActiveCfg = Release|Any CPU
		{90F56C10-762C-873C-00F8-A7B6A0E28849}.Release|Any CPU.Build.0 = Release|Any CPU
		{0B1263FC-A679-6F4C-D715-EDEE81C00614}.Debug|Any CPU.ActiveCfg = Debug|Any CPU
		{0B1263FC-A679-6F4C-D715-EDEE81C00614}.Debug|Any CPU.Build.0 = Debug|Any CPU
		{0B1263FC-A679-6F4C-D715-EDEE81C00614}.Release|Any CPU.ActiveCfg = Release|Any CPU
		{0B1263FC-A679-6F4C-D715-EDEE81C00614}.Release|Any CPU.Build.0 = Release|Any CPU
		{2C4EED6F-1E39-9B0A-9990-51AF9EFCFD7E}.Debug|Any CPU.ActiveCfg = Debug|Any CPU
		{2C4EED6F-1E39-9B0A-9990-51AF9EFCFD7E}.Debug|Any CPU.Build.0 = Debug|Any CPU
		{2C4EED6F-1E39-9B0A-9990-51AF9EFCFD7E}.Release|Any CPU.ActiveCfg = Release|Any CPU
		{2C4EED6F-1E39-9B0A-9990-51AF9EFCFD7E}.Release|Any CPU.Build.0 = Release|Any CPU
		{082E5E74-ED2C-20FE-125F-63331CD86437}.Debug|Any CPU.ActiveCfg = Debug|Any CPU
		{082E5E74-ED2C-20FE-125F-63331CD86437}.Debug|Any CPU.Build.0 = Debug|Any CPU
		{082E5E74-ED2C-20FE-125F-63331CD86437}.Release|Any CPU.ActiveCfg = Release|Any CPU
		{082E5E74-ED2C-20FE-125F-63331CD86437}.Release|Any CPU.Build.0 = Release|Any CPU
		{64077A66-10E4-2EC9-BB49-F086AB8C8BCE}.Debug|Any CPU.ActiveCfg = Debug|Any CPU
		{64077A66-10E4-2EC9-BB49-F086AB8C8BCE}.Debug|Any CPU.Build.0 = Debug|Any CPU
		{64077A66-10E4-2EC9-BB49-F086AB8C8BCE}.Release|Any CPU.ActiveCfg = Release|Any CPU
		{64077A66-10E4-2EC9-BB49-F086AB8C8BCE}.Release|Any CPU.Build.0 = Release|Any CPU
		{FC7D10A2-945B-A2FB-EDF0-33B36F45C423}.Debug|Any CPU.ActiveCfg = Debug|Any CPU
		{FC7D10A2-945B-A2FB-EDF0-33B36F45C423}.Debug|Any CPU.Build.0 = Debug|Any CPU
		{FC7D10A2-945B-A2FB-EDF0-33B36F45C423}.Release|Any CPU.ActiveCfg = Release|Any CPU
		{FC7D10A2-945B-A2FB-EDF0-33B36F45C423}.Release|Any CPU.Build.0 = Release|Any CPU
		{20FB7AA2-9489-5B6C-8A52-83C4AE5394D1}.Debug|Any CPU.ActiveCfg = Debug|Any CPU
		{20FB7AA2-9489-5B6C-8A52-83C4AE5394D1}.Debug|Any CPU.Build.0 = Debug|Any CPU
		{20FB7AA2-9489-5B6C-8A52-83C4AE5394D1}.Release|Any CPU.ActiveCfg = Release|Any CPU
		{20FB7AA2-9489-5B6C-8A52-83C4AE5394D1}.Release|Any CPU.Build.0 = Release|Any CPU
		{F131C190-CBE9-5D4E-B274-DE5743B64996}.Debug|Any CPU.ActiveCfg = Debug|Any CPU
		{F131C190-CBE9-5D4E-B274-DE5743B64996}.Debug|Any CPU.Build.0 = Debug|Any CPU
		{F131C190-CBE9-5D4E-B274-DE5743B64996}.Release|Any CPU.ActiveCfg = Release|Any CPU
		{F131C190-CBE9-5D4E-B274-DE5743B64996}.Release|Any CPU.Build.0 = Release|Any CPU
		{16295B29-4AE0-8168-6786-D8B186611976}.Debug|Any CPU.ActiveCfg = Debug|Any CPU
		{16295B29-4AE0-8168-6786-D8B186611976}.Debug|Any CPU.Build.0 = Debug|Any CPU
		{16295B29-4AE0-8168-6786-D8B186611976}.Release|Any CPU.ActiveCfg = Release|Any CPU
		{16295B29-4AE0-8168-6786-D8B186611976}.Release|Any CPU.Build.0 = Release|Any CPU
		{6CA729DB-2685-2338-040F-B1EFCE263A07}.Debug|Any CPU.ActiveCfg = Debug|Any CPU
		{6CA729DB-2685-2338-040F-B1EFCE263A07}.Debug|Any CPU.Build.0 = Debug|Any CPU
		{6CA729DB-2685-2338-040F-B1EFCE263A07}.Release|Any CPU.ActiveCfg = Release|Any CPU
		{6CA729DB-2685-2338-040F-B1EFCE263A07}.Release|Any CPU.Build.0 = Release|Any CPU
		{D610F599-0C7F-C713-DDF6-8E7D267DD7C5}.Debug|Any CPU.ActiveCfg = Debug|Any CPU
		{D610F599-0C7F-C713-DDF6-8E7D267DD7C5}.Debug|Any CPU.Build.0 = Debug|Any CPU
		{D610F599-0C7F-C713-DDF6-8E7D267DD7C5}.Release|Any CPU.ActiveCfg = Release|Any CPU
		{D610F599-0C7F-C713-DDF6-8E7D267DD7C5}.Release|Any CPU.Build.0 = Release|Any CPU
		{E755A0B6-BCDE-76A3-372D-D859A03BE027}.Debug|Any CPU.ActiveCfg = Debug|Any CPU
		{E755A0B6-BCDE-76A3-372D-D859A03BE027}.Debug|Any CPU.Build.0 = Debug|Any CPU
		{E755A0B6-BCDE-76A3-372D-D859A03BE027}.Release|Any CPU.ActiveCfg = Release|Any CPU
		{E755A0B6-BCDE-76A3-372D-D859A03BE027}.Release|Any CPU.Build.0 = Release|Any CPU
		{828DA553-5A96-6B21-2892-5ED0E99E2B6F}.Debug|Any CPU.ActiveCfg = Debug|Any CPU
		{828DA553-5A96-6B21-2892-5ED0E99E2B6F}.Debug|Any CPU.Build.0 = Debug|Any CPU
		{828DA553-5A96-6B21-2892-5ED0E99E2B6F}.Release|Any CPU.ActiveCfg = Release|Any CPU
		{828DA553-5A96-6B21-2892-5ED0E99E2B6F}.Release|Any CPU.Build.0 = Release|Any CPU
		{A048F40B-E503-A877-1AF7-2A1BC5340796}.Debug|Any CPU.ActiveCfg = Debug|Any CPU
		{A048F40B-E503-A877-1AF7-2A1BC5340796}.Debug|Any CPU.Build.0 = Debug|Any CPU
		{A048F40B-E503-A877-1AF7-2A1BC5340796}.Release|Any CPU.ActiveCfg = Release|Any CPU
		{A048F40B-E503-A877-1AF7-2A1BC5340796}.Release|Any CPU.Build.0 = Release|Any CPU
	EndGlobalSection
	GlobalSection(SolutionProperties) = preSolution
		HideSolutionNode = FALSE
	EndGlobalSection
	GlobalSection(NestedProjects) = preSolution
		{90FC499D-A43F-4E3C-83BE-1B7244664411} = {AB46EFC2-1630-497F-9C46-9C1BDEDFD073}
		{845DDBD8-F9CA-6012-7EC5-83217AA8D9DC} = {F5BB1268-8DFF-4C32-93EA-23B045E7256B}
		{09D57A4A-3623-8C0F-189A-5BA596C47091} = {F5BB1268-8DFF-4C32-93EA-23B045E7256B}
		{096355B2-DA41-16DF-756C-7CB18C12EC88} = {1E381A0C-FFC8-4B1C-81C8-4DBD899FF2F3}
		{15DD103E-C43B-3E64-1062-C4EE0854AAC8} = {E0FE6521-074B-4FDE-963F-E41C11074978}
		{4C125972-6717-4417-87D6-EE6CA8C820F5} = {90FC499D-A43F-4E3C-83BE-1B7244664411}
		{BD932B8C-7A38-4CE4-9FAD-94A983AD05A3} = {AB46EFC2-1630-497F-9C46-9C1BDEDFD073}
		{E0FE6521-074B-4FDE-963F-E41C11074978} = {AB46EFC2-1630-497F-9C46-9C1BDEDFD073}
		{8B6485C6-B363-44B4-8129-9E5054C5D8C2} = {AB46EFC2-1630-497F-9C46-9C1BDEDFD073}
		{CD429451-D0AF-4521-8559-7310A22E8CDE} = {AB46EFC2-1630-497F-9C46-9C1BDEDFD073}
		{90F56C10-762C-873C-00F8-A7B6A0E28849} = {BD932B8C-7A38-4CE4-9FAD-94A983AD05A3}
		{0B1263FC-A679-6F4C-D715-EDEE81C00614} = {E0FE6521-074B-4FDE-963F-E41C11074978}
		{2C4EED6F-1E39-9B0A-9990-51AF9EFCFD7E} = {8B6485C6-B363-44B4-8129-9E5054C5D8C2}
		{082E5E74-ED2C-20FE-125F-63331CD86437} = {8B6485C6-B363-44B4-8129-9E5054C5D8C2}
		{99F57F8F-C498-4D01-B508-8895BA366DD0} = {225ACB45-5BBE-48D0-A1FB-802E767F6D21}
		{64077A66-10E4-2EC9-BB49-F086AB8C8BCE} = {CD429451-D0AF-4521-8559-7310A22E8CDE}
		{DB369942-E5FD-4B03-8303-0FAF4B44102A} = {CD429451-D0AF-4521-8559-7310A22E8CDE}
		{FC7D10A2-945B-A2FB-EDF0-33B36F45C423} = {DB369942-E5FD-4B03-8303-0FAF4B44102A}
		{20FB7AA2-9489-5B6C-8A52-83C4AE5394D1} = {DB369942-E5FD-4B03-8303-0FAF4B44102A}
		{F131C190-CBE9-5D4E-B274-DE5743B64996} = {DB369942-E5FD-4B03-8303-0FAF4B44102A}
		{16295B29-4AE0-8168-6786-D8B186611976} = {DB369942-E5FD-4B03-8303-0FAF4B44102A}
		{6CA729DB-2685-2338-040F-B1EFCE263A07} = {CD429451-D0AF-4521-8559-7310A22E8CDE}
		{D610F599-0C7F-C713-DDF6-8E7D267DD7C5} = {CD429451-D0AF-4521-8559-7310A22E8CDE}
		{E755A0B6-BCDE-76A3-372D-D859A03BE027} = {CD429451-D0AF-4521-8559-7310A22E8CDE}
		{828DA553-5A96-6B21-2892-5ED0E99E2B6F} = {CD429451-D0AF-4521-8559-7310A22E8CDE}
		{A048F40B-E503-A877-1AF7-2A1BC5340796} = {BD932B8C-7A38-4CE4-9FAD-94A983AD05A3}
	EndGlobalSection
	GlobalSection(ExtensibilityGlobals) = postSolution
		SolutionGuid = {2D6F818A-4305-467B-BB8E-E1AB2BEAC979}
	EndGlobalSection
EndGlobal
